# THIS IS AN AUTOGENERATED FILE. DO NOT EDIT THIS FILE DIRECTLY.
# yarn lockfile v1


"@amplitude/analytics-core@^0.11.0":
  version "0.11.0"
  resolved "https://registry.yarnpkg.com/@amplitude/analytics-core/-/analytics-core-0.11.0.tgz#e8bf16c08291ef86f029f039a10f415c15bc4e83"
  integrity sha512-0X/3xMR/Ljl6JVgsIVALhKn9pBHxgyRgDqWIeRlwdingWIeWttQP8+TSpGI2S9xIeUdAdo0Urul/NMJGHFs07Q==
  dependencies:
    "@amplitude/analytics-types" "^0.14.0"
    tslib "^2.3.1"

"@amplitude/analytics-node@1.0.0":
  version "1.0.0"
  resolved "https://registry.yarnpkg.com/@amplitude/analytics-node/-/analytics-node-1.0.0.tgz#6bfdadd1779121600e6bec89b890fd659ba7fb76"
  integrity sha512-jfr0vUPqFk9rVCXoNilc6pkc8IZHds8qQ4Di81XIpb8gbTwmTlypxZhrKlVGnKvXFkQGp1VRo8iiabHildjcLA==
  dependencies:
    "@amplitude/analytics-core" "^0.11.0"
    "@amplitude/analytics-types" "^0.14.0"
    tslib "^2.3.1"

"@amplitude/analytics-types@^0.14.0":
  version "0.14.0"
  resolve