# THIS IS AN AUTOGENERATED FILE. DO NOT EDIT THIS FILE DIRECTLY.
# yarn lockfile v1


"@amplitude/analytics-core@^0.11.0":
  version "0.11.0"
  resolved "https://registry.yarnpkg.com/@amplitude/analytics-core/-/analytics-core-0.11.0.tgz#e8bf16c08291ef86f029f039a10f415c15bc4e83"
  integrity sha512-0X/3xMR/Ljl6JVgsIVALhKn9pBHxgyRgDqWIeRlwdingWIeWttQP8+TSpGI2S9xIeUdAdo0Urul/NMJGHFs07Q==
  dependencies:
    "@amplitude/analytics-types" "^0.14.0"
    tslib "^2.3.1"

"@amplitude/analytics-node@1.0.0":
  version "1.0.0"
  resolved "https://registry.yarnpkg.com/@amplitude/analytics-node/-/analytics-node-1.0.0.tgz#6bfdadd1779121600e6bec89b890fd659ba7fb76"
  integrity sha512-jfr0vUPqFk9rVCXoNilc6pkc8IZHds8qQ4Di81XIpb8gbTwmTlypxZhrKlVGnKvXFkQGp1VRo8iiabHildjcLA==
  dependencies:
    "@amplitude/analytics-core" "^0.11.0"
    "@amplitude/analytics-types" "^0.14.0"
    tslib "^2.3.1"

"@amplitude/analytics-types@^0.14.0":
  version "0.14.0"
  resolved "https://registry.yarnpkg.com/@amplitude/analytics-types/-/analytics-types-0.14.0.tgz#06848235e52fe1d46a6e04bbc5d14090bdde15e3"
  integrity sha512-O3E/KHyWCb4HAlYevqgCzqQdS+0LhbJV2IeVGox2eyCge+/lGwtGdJV2rJNWcoGf3p+BhnbqJBlhkPMs12iniA==

"@eslint/eslintrc@^1.1.0":
  version "1.3.3"
  resolved "https://registry.yarnpkg.com/@eslint/eslintrc/-/eslintrc-1.3.3.tgz#2b044ab39fdfa75b4688184f9e573ce3c5b0ff95"
  integrity sha512-uj3pT6Mg+3t39fvLrj8iuCIJ38zKO9FpGtJ4BBJebJhEwjoT+KLVNCcHT5QC9NGRIEi7fZ0ZR8YRb884auB4Lg==
  dependencies:
    ajv "^6.12.4"
    debug "^4.3.2"
    espree "^9.4.0"
    globals "^13.15.0"
    ignore "^5.2.0"
    import-fresh "^3.2.1"
    js-yaml "^4.1.0"
    minimatch "^3.1.2"
    strip-json-comments "^3.1.1"

"@fastify/busboy@^1.1.0":
  version "1.1.0"
  resolved "https://registry.yarnpkg.com/@fastify/busboy/-/busboy-1.1.0.tgz#4472f856e2bb5a9ee34ad64b93891b73b73537ca"
  integrity sha512-Fv854f94v0CzIDllbY3i/0NJPNBRNLDawf3BTYVGCe9VrIIs3Wi7AFx24F9NzCxdf0wyx/x0Q9kEVnvDOPnlxA==
  dependencies:
    text-decoding "^1.0.0"

"@firebase/app-types@0.8.1":
  version "0.8.1"
  resolved "https://registry.yarnpkg.com/@firebase/app-types/-/app-types-0.8.1.tgz#4c7f916281aed570581fc667e3eb6cc730119a95"
  integrity sha512-p75Ow3QhB82kpMzmOntv866wH9eZ3b4+QbUY+8/DA5Zzdf1c8Nsk8B7kbFpzJt4wwHMdy5LTF5YUnoTc1JiWkw==

"@firebase/auth-interop-types@0.1.7":
  version "0.1.7"
  resolved "https://registry.yarnpkg.com/@firebase/auth-interop-types/-/auth-interop-types-0.1.7.tgz#82c8d431779916224d2af5cef6cec2042d830f28"
  integrity sha512-yA/dTveGGPcc85JP8ZE/KZqfGQyQTBCV10THdI8HTlP1GDvNrhr//J5jAt58MlsCOaO3XmC4DqScPBbtIsR/EA==

"@firebase/component@0.5.21":
  version "0.5.21"
  resolved "https://registry.yarnpkg.com/@firebase/component/-/component-0.5.21.tgz#bb10add24fe2ee59a61163a469d4711d8da4002d"
  integrity sha512-12MMQ/ulfygKpEJpseYMR0HunJdlsLrwx2XcEs40M18jocy2+spyzHHEwegN3x/2/BLFBjR5247Etmz0G97Qpg==
  dependencies:
    "@firebase/util" "1.7.3"
    tslib "^2.1.0"

"@firebase/database-compat@^0.2.0":
  version "0.2.10"
  resolved "https://registry.yarnpkg.com/@firebase/database-compat/-/database-compat-0.2.10.tgz#fa4440db9f41a9a05112642504c1e6557a75b8be"
  integrity sha512-fK+IgUUqVKcWK/gltzDU+B1xauCOfY6vulO8lxoNTkcCGlSxuTtwsdqjGkFmgFRMYjXFWWJ6iFcJ/vXahzwCtA==
  dependencies:
    "@firebase/component" "0.5.21"
    "@firebase/database" "0.13.10"
    "@firebase/database-types" "0.9.17"
    "@firebase/logger" "0.3.4"
    "@firebase/util" "1.7.3"
    tslib "^2.1.0"

"@firebase/database-types@0.9.17", "@firebase/database-types@^0.9.7":
  version "0.9.17"
  resolved "https://registry.yarnpkg.com/@firebase/database-types/-/database-types-0.9.17.tgz#4c248052b0a9ae052ba940e4996a0bfab25dc257"
  integrity sha512-YQm2tCZyxNtEnlS5qo5gd2PAYgKCy69tUKwioGhApCFThW+mIgZs7IeYeJo2M51i4LCixYUl+CvnOyAnb/c3XA==
  dependencies:
    "@firebase/app-types" "0.8.1"
    "@firebase/util" "1.7.3"

"@firebase/database@0.13.10":
  version "0.13.10"
  resolved "https://registry.yarnpkg.com/@firebase/database/-/database-0.13.10.tgz#c24e0219490b9c1fabfb7b42cb45850e145fe56d"
  integrity sha512-KRucuzZ7ZHQsRdGEmhxId5jyM2yKsjsQWF9yv0dIhlxYg0D8rCVDZc/waoPKA5oV3/SEIoptF8F7R1Vfe7BCQA==
  dependencies:
    "@firebase/auth-interop-types" "0.1.7"
    "@firebase/component" "0.5.21"
    "@firebase/logger" "0.3.4"
    "@firebase/util" "1.7.3"
    faye-websocket "0.11.4"
    tslib "^2.1.0"

"@firebase/functions-types@0.5.1":
  version "0.5.1"
  resolved "https://registry.yarnpkg.com/@firebase/functions-types/-/functions-types-0.5.1.tgz#7633fd2ade99c1b8c0c5037fa369fc91849e3b15"
  integrity sha512-olEJnTuULM/ws0pwhHA0Ze5oIdpFbZsdBGCaBhyL4pm1NUR4Moh0cyAsqr+VtqHCNMGquHU1GJ77qITkoonp0w==

"@firebase/logger@0.3.4":
  version "0.3.4"
  resolved "https://registry.yarnpkg.com/@firebase/logger/-/logger-0.3.4.tgz#8822dd3e9168be93c1bce0b4ac235e3b165a6a68"
  integrity sha512-hlFglGRgZEwoyClZcGLx/Wd+zoLfGmbDkFx56mQt/jJ0XMbfPqwId1kiPl0zgdWZX+D8iH+gT6GuLPFsJWgiGw==
  dependencies:
    tslib "^2.1.0"

"@firebase/util@1.7.3":
  version "1.7.3"
  resolved "https://registry.yarnpkg.com/@firebase/util/-/util-1.7.3.tgz#e71640b6b2970b754f947235ceb10cba3f70e62c"
  integrity sha512-wxNqWbqokF551WrJ9BIFouU/V5SL1oYCGx1oudcirdhadnQRFH5v1sjgGL7cUV/UsekSycygphdrF2lxBxOYKg==
  dependencies:
    tslib "^2.1.0"

"@google-cloud/firestore@^4.15.1":
  version "4.15.1"
  resolved "https://registry.yarnpkg.com/@google-cloud/firestore/-/firestore-4.15.1.tgz#ed764fc76823ce120e68fe8c27ef1edd0650cd93"
  integrity sha512-2PWsCkEF1W02QbghSeRsNdYKN1qavrHBP3m72gPDMHQSYrGULOaTi7fSJquQmAtc4iPVB2/x6h80rdLHTATQtA==
  dependencies:
    fast-deep-equal "^3.1.1"
    functional-red-black-tree "^1.0.1"
    google-gax "^2.24.1"
    protobufjs "^6.8.6"

"@google-cloud/paginator@^3.0.7":
  version "3.0.7"
  resolved "https://registry.yarnpkg.com/@google-cloud/paginator/-/paginator-3.0.7.tgz#fb6f8e24ec841f99defaebf62c75c2e744dd419b"
  integrity sha512-jJNutk0arIQhmpUUQJPJErsojqo834KcyB6X7a1mxuic8i1tKXxde8E69IZxNZawRIlZdIK2QY4WALvlK5MzYQ==
  dependencies:
    arrify "^2.0.0"
    extend "^3.0.2"

"@google-cloud/projectify@^2.0.0":
  version "2.1.1"
  resolved "https://registry.yarnpkg.com/@google-cloud/projectify/-/projectify-2.1.1.tgz#ae6af4fee02d78d044ae434699a630f8df0084ef"
  integrity sha512-+rssMZHnlh0twl122gXY4/aCrk0G1acBqkHFfYddtsqpYXGxA29nj9V5V9SfC+GyOG00l650f6lG9KL+EpFEWQ==

"@google-cloud/promisify@^2.0.0":
  version "2.0.4"
  resolved "https://registry.yarnpkg.com/@google-cloud/promisify/-/promisify-2.0.4.tgz#9d8705ecb2baa41b6b2673f3a8e9b7b7e1abc52a"
  integrity sha512-j8yRSSqswWi1QqUGKVEKOG03Q7qOoZP6/h2zN2YO+F5h2+DHU0bSrHCK9Y7lo2DI9fBd8qGAw795sf+3Jva4yA==

"@google-cloud/storage@^5.18.3":
  version "5.20.5"
  resolved "https://registry.yarnpkg.com/@google-cloud/storage/-/storage-5.20.5.tgz#1de71fc88d37934a886bc815722c134b162d335d"
  integrity sha512-lOs/dCyveVF8TkVFnFSF7IGd0CJrTm91qiK6JLu+Z8qiT+7Ag0RyVhxZIWkhiACqwABo7kSHDm8FdH8p2wxSSw==
  dependencies:
    "@google-cloud/paginator" "^3.0.7"
    "@google-cloud/projectify" "^2.0.0"
    "@google-cloud/promisify" "^2.0.0"
    abort-controller "^3.0.0"
    arrify "^2.0.0"
    async-retry "^1.3.3"
    compressible "^2.0.12"
    configstore "^5.0.0"
    duplexify "^4.0.0"
    ent "^2.2.0"
    extend "^3.0.2"
    gaxios "^4.0.0"
    google-auth-library "^7.14.1"
    hash-stream-validation "^0.2.2"
    mime "^3.0.0"
    mime-types "^2.0.8"
    p-limit "^3.0.1"
    pumpify "^2.0.0"
    retry-request "^4.2.2"
    stream-events "^1.0.4"
    teeny-request "^7.1.3"
    uuid "^8.0.0"
    xdg-basedir "^4.0.0"

"@grpc/grpc-js@~1.6.0":
  version "1.6.12"
  resolved "https://registry.yarnpkg.com/@grpc/grpc-js/-/grpc-js-1.6.12.tgz#20f710d8a8c5c396b2ae9530ba6c06b984614fdf"
  integrity sha512-JmvQ03OTSpVd9JTlj/K3IWHSz4Gk/JMLUTtW7Zb0KvO1LcOYGATh5cNuRYzCAeDR3O8wq+q8FZe97eO9MBrkUw==
  dependencies:
    "@grpc/proto-loader" "^0.7.0"
    "@types/node" ">=12.12.47"

"@grpc/proto-loader@^0.6.12":
  version "0.6.13"
  resolved "https://registry.yarnpkg.com/@grpc/proto-loader/-/proto-loader-0.6.13.tgz#008f989b72a40c60c96cd4088522f09b05ac66bc"
  integrity sha512-FjxPYDRTn6Ec3V0arm1FtSpmP6V50wuph2yILpyvTKzjc76oDdoihXqM1DzOW5ubvCC8GivfCnNtfaRE8myJ7g==
  dependencies:
    "@types/long" "^4.0.1"
    lodash.camelcase "^4.3.0"
    long "^4.0.0"
    protobufjs "^6.11.3"
    yargs "^16.2.0"

"@grpc/proto-loader@^0.7.0":
  version "0.7.3"
  resolved "https://registry.yarnpkg.com/@grpc/proto-loader/-/proto-loader-0.7.3.tgz#75a6f95b51b85c5078ac7394da93850c32d36bb8"
  integrity sha512-5dAvoZwna2Py3Ef96Ux9jIkp3iZ62TUsV00p3wVBPNX5K178UbNi8Q7gQVqwXT1Yq9RejIGG9G2IPEo93T6RcA==
  dependencies:
    "@types/long" "^4.0.1"
    lodash.camelcase "^4.3.0"
    long "^4.0.0"
    protobufjs "^7.0.0"
    yargs "^16.2.0"

"@humanwhocodes/config-array@^0.9.2":
  version "0.9.5"
  resolved "https://registry.yarnpkg.com/@humanwhocodes/config-array/-/config-array-0.9.5.tgz#2cbaf9a89460da24b5ca6531b8bbfc23e1df50c7"
  integrity sha512-ObyMyWxZiCu/yTisA7uzx81s40xR2fD5Cg/2Kq7G02ajkNubJf6BopgDTmDyc3U7sXpNKM8cYOw7s7Tyr+DnCw==
  dependencies:
    "@humanwhocodes/object-schema" "^1.2.1"
    debug "^4.1.1"
    minimatch "^3.0.4"

"@humanwhocodes/object-schema@^1.2.1":
  version "1.2.1"
  resolved "https://registry.yarnpkg.com/@humanwhocodes/object-schema/-/object-schema-1.2.1.tgz#b520529ec21d8e5945a1851dfd1c32e94e39ff45"
  integrity sha512-ZnQMnLV4e7hDlUvw8H+U8ASL02SS2Gn6+9Ac3wGGLIe7+je2AeAOxPY+izIPJDfFDb7eDjev0Us8MO1iFRN8hA==

"@nodelib/fs.scandir@2.1.5":
  version "2.1.5"
  resolved "https://registry.yarnpkg.com/@nodelib/fs.scandir/-/fs.scandir-2.1.5.tgz#7619c2eb21b25483f6d167548b4cfd5a7488c3d5"
  integrity sha512-vq24Bq3ym5HEQm2NKCr3yXDwjc7vTsEThRDnkp2DK9p1uqLR+DHurm/NOTo0KG7HYHU7eppKZj3MyqYuMBf6